<?xml version="1.0" encoding="UTF-8"?>
<!DOCTYPE plist PUBLIC "-//Apple//DTD PLIST 1.0//EN" "http://www.apple.com/DTDs/PropertyList-1.0.dtd">
<plist version="1.0">
<dict>
	<key>archiveVersion</key>
	<string>1</string>
	<key>classes</key>
	<dict/>
	<key>objectVersion</key>
	<string>46</string>
	<key>objects</key>
	<dict>
		<key>2BD71B7A6937D1DA8562EAC7</key>
		<dict>
			<key>includeInIndex</key>
			<string>1</string>
			<key>isa</key>
			<string>PBXFileReference</string>
			<key>lastKnownFileType</key>
			<string>text.xcconfig</string>
			<key>name</key>
			<string>Pods.release.xcconfig</string>
			<key>path</key>
			<string>Pods/Target Support Files/Pods/Pods.release.xcconfig</string>
			<key>sourceTree</key>
			<string>&lt;group&gt;</string>
		</dict>
		<key>346D9226BEE16B3318FAE7C2</key>
		<dict>
			<key>fileRef</key>
			<string>99CB93C17ADA112575166450</string>
			<key>isa</key>
			<string>PBXBuildFile</string>
		</dict>
		<key>497B59AF1EC9112DC64273F4</key>
		<dict>
			<key>buildActionMask</key>
			<string>2147483647</string>
			<key>files</key>
			<array/>
			<key>inputPaths</key>
			<array/>
			<key>isa</key>
			<string>PBXShellScriptBuildPhase</string>
			<key>name</key>
			<string>Check Pods Manifest.lock</string>
			<key>outputPaths</key>
			<array/>
			<key>runOnlyForDeploymentPostprocessing</key>
			<string>0</string>
			<key>shellPath</key>
			<string>/bin/sh</string>
			<key>shellScript</key>
			<string>diff "${PODS_ROOT}/../Podfile.lock" "${PODS_ROOT}/Manifest.lock" &gt; /dev/null
if [[ $? != 0 ]] ; then
    cat &lt;&lt; EOM
error: The sandbox is not in sync with the Podfile.lock. Run 'pod install' or update your CocoaPods installation.
EOM
    exit 1
fi
</string>
			<key>showEnvVarsInLog</key>
			<string>0</string>
		</dict>
		<key>61CB4AE81D00BABF11312987</key>
		<dict>
			<key>includeInIndex</key>
			<string>1</string>
			<key>isa</key>
			<string>PBXFileReference</string>
			<key>lastKnownFileType</key>
			<string>text.xcconfig</string>
			<key>name</key>
			<string>Pods.debug.xcconfig</string>
			<key>path</key>
			<string>Pods/Target Support Files/Pods/Pods.debug.xcconfig</string>
			<key>sourceTree</key>
			<string>&lt;group&gt;</string>
		</dict>
		<key>6D96164D1EDFC85721935248</key>
		<dict>
			<key>children</key>
			<array>
				<string>61CB4AE81D00BABF11312987</string>
				<string>2BD71B7A6937D1DA8562EAC7</string>
			</array>
			<key>isa</key>
			<string>PBXGroup</string>
			<key>name</key>
			<string>Pods</string>
			<key>sourceTree</key>
			<string>&lt;group&gt;</string>
		</dict>
		<key>8BE7A324C57681248D84D0B2</key>
		<dict>
			<key>buildActionMask</key>
			<string>2147483647</string>
			<key>files</key>
			<array/>
			<key>inputPaths</key>
			<array/>
			<key>isa</key>
			<string>PBXShellScriptBuildPhase</string>
			<key>name</key>
			<string>Copy Pods Resources</string>
			<key>outputPaths</key>
			<array/>
			<key>runOnlyForDeploymentPostprocessing</key>
			<string>0</string>
			<key>shellPath</key>
			<string>/bin/sh</string>
			<key>shellScript</key>
			<string>"${SRCROOT}/Pods/Target Support Files/Pods/Pods-resources.sh"
</string>
			<key>showEnvVarsInLog</key>
			<string>0</string>
		</dict>
		<key>99CB93C17ADA112575166450</key>
		<dict>
			<key>explicitFileType</key>
			<string>archive.ar</string>
			<key>includeInIndex</key>
			<string>0</string>
			<key>isa</key>
			<string>PBXFileReference</string>
			<key>path</key>
			<string>libPods.a</string>
			<key>sourceTree</key>
			<string>BUILT_PRODUCTS_DIR</string>
		</dict>
		<key>BDD572961D93841F00CED504</key>
		<dict>
			<key>children</key>
			<array>
				<string>BDD573191D93E1E500CED504</string>
				<string>BDD572E41D93D1FE00CED504</string>
				<string>BDD572D91D93D15000CED504</string>
				<string>BDD572A11D93841F00CED504</string>
				<string>BDD572A01D93841F00CED504</string>
				<string>6D96164D1EDFC85721935248</string>
				<string>D3C58B02233CA3BF6AA5BAEE</string>
			</array>
			<key>isa</key>
			<string>PBXGroup</string>
			<key>sourceTree</key>
			<string>&lt;group&gt;</string>
		</dict>
		<key>BDD572971D93841F00CED504</key>
		<dict>
			<key>attributes</key>
			<dict>
				<key>LastUpgradeCheck</key>
				<string>0730</string>
				<key>ORGANIZATIONNAME</key>
				<string>lun</string>
				<key>TargetAttributes</key>
				<dict>
					<key>BDD5729E1D93841F00CED504</key>
					<dict>
						<key>CreatedOnToolsVersion</key>
						<string>7.3.1</string>
					</dict>
				</dict>
			</dict>
			<key>buildConfigurationList</key>
			<string>BDD5729A1D93841F00CED504</string>
			<key>compatibilityVersion</key>
			<string>Xcode 3.2</string>
			<key>developmentRegion</key>
			<string>English</string>
			<key>hasScannedForEncodings</key>
			<string>0</string>
			<key>isa</key>
			<string>PBXProject</string>
			<key>knownRegions</key>
			<array>
				<string>en</string>
				<string>Base</string>
			</array>
			<key>mainGroup</key>
			<string>BDD572961D93841F00CED504</string>
			<key>productRefGroup</key>
			<string>BDD572A01D93841F00CED504</string>
			<key>projectDirPath</key>
			<string></string>
			<key>projectReferences</key>
			<array/>
			<key>projectRoot</key>
			<string></string>
			<key>targets</key>
			<array>
				<string>BDD5729E1D93841F00CED504</string>
			</array>
		</dict>
		<key>BDD5729A1D93841F00CED504</key>
		<dict>
			<key>buildConfigurations</key>
			<array>
				<string>BDD572B41D93841F00CED504</string>
				<string>BDD572B51D93841F00CED504</string>
			</array>
			<key>defaultConfigurationIsVisible</key>
			<string>0</string>
			<key>defaultConfigurationName</key>
			<string>Release</string>
			<key>isa</key>
			<string>XCConfigurationList</string>
		</dict>
		<key>BDD5729B1D93841F00CED504</key>
		<dict>
			<key>buildActionMask</key>
			<string>2147483647</string>
			<key>files</key>
			<array>
				<string>BDD573131D93D1FE00CED504</string>
				<string>BDD5730A1D93D1FE00CED504</string>
				<string>BDD573141D93D1FE00CED504</string>
				<string>BDD572E21D93D15000CED504</string>
				<string>BDD5730C1D93D1FE00CED504</string>
				<string>BDD5730D1D93D1FE00CED504</string>
				<string>BDD572AA1D93841F00CED504</string>
				<string>BDD572E31D93D15000CED504</string>
				<string>BDD5730B1D93D1FE00CED504</string>
				<string>BDD573061D93D1FE00CED504</string>
				<string>BDD573091D93D1FE00CED504</string>
				<string>BDD5730E1D93D1FE00CED504</string>
				<string>BDD573151D93D1FE00CED504</string>
				<string>BDD573111D93D1FE00CED504</string>
				<string>BDD572A71D93841F00CED504</string>
				<string>BDD572C41D938A5500CED504</string>
				<string>BDD5730F1D93D1FE00CED504</string>
				<string>BDD572BE1D9384AA00CED504</string>
				<string>BDD573081D93D1FE00CED504</string>
				<string>BDD572E11D93D15000CED504</string>
				<string>BDD572C11D93858700CED504</string>
				<string>BDD572A41D93841F00CED504</string>
				<string>BDD573101D93D1FE00CED504</string>
				<string>BDD573071D93D1FE00CED504</string>
				<string>BDD573121D93D1FE00CED504</string>
			</array>
			<key>isa</key>
			<string>PBXSourcesBuildPhase</string>
			<key>runOnlyForDeploymentPostprocessing</key>
			<string>0</string>
		</dict>
		<key>BDD5729C1D93841F00CED504</key>
		<dict>
			<key>buildActionMask</key>
			<string>2147483647</string>
			<key>files</key>
			<array>
				<string>346D9226BEE16B3318FAE7C2</string>
			</array>
			<key>isa</key>
			<string>PBXFrameworksBuildPhase</string>
			<key>runOnlyForDeploymentPostprocessing</key>
			<string>0</string>
		</dict>
		<key>BDD5729D1D93841F00CED504</key>
		<dict>
			<key>buildActionMask</key>
			<string>2147483647</string>
			<key>files</key>
			<array>
				<string>BDD5731D1D93E1E500CED504</string>
				<string>BDD572B21D93841F00CED504</string>
				<string>BDD572AF1D93841F00CED504</string>
				<string>BDD5731F1D93E1E500CED504</string>
				<string>BDD572AD1D93841F00CED504</string>
				<string>BDD5731E1D93E1E500CED504</string>
			</array>
			<key>isa</key>
			<string>PBXResourcesBuildPhase</string>
			<key>runOnlyForDeploymentPostprocessing</key>
			<string>0</string>
		</dict>
		<key>BDD5729E1D93841F00CED504</key>
		<dict>
			<key>buildConfigurationList</key>
			<string>BDD572B61D93841F00CED504</string>
			<key>buildPhases</key>
			<array>
				<string>497B59AF1EC9112DC64273F4</string>
				<string>BDD5729B1D93841F00CED504</string>
				<string>BDD5729C1D93841F00CED504</string>
				<string>BDD5729D1D93841F00CED504</string>
				<string>EAEE620FE15D3403EDDE17FB</string>
				<string>8BE7A324C57681248D84D0B2</string>
			</array>
			<key>buildRules</key>
			<array/>
			<key>dependencies</key>
			<array/>
			<key>isa</key>
			<string>PBXNativeTarget</string>
			<key>name</key>
			<string>testCell</string>
			<key>productName</key>
			<string>testCell</string>
			<key>productReference</key>
			<string>BDD5729F1D93841F00CED504</string>
			<key>productType</key>
			<string>com.apple.product-type.application</string>
		</dict>
		<key>BDD5729F1D93841F00CED504</key>
		<dict>
			<key>explicitFileType</key>
			<string>wrapper.application</string>
			<key>includeInIndex</key>
			<string>0</string>
			<key>isa</key>
			<string>PBXFileReference</string>
			<key>path</key>
			<string>testCell.app</string>
			<key>sourceTree</key>
			<string>BUILT_PRODUCTS_DIR</string>
		</dict>
		<key>BDD572A01D93841F00CED504</key>
		<dict>
			<key>children</key>
			<array>
				<string>BDD5729F1D93841F00CED504</string>
			</array>
			<key>isa</key>
			<string>PBXGroup</string>
			<key>name</key>
			<string>Products</string>
			<key>sourceTree</key>
			<string>&lt;group&gt;</string>
		</dict>
		<key>BDD572A11D93841F00CED504</key>
		<dict>
			<key>children</key>
			<array>
				<string>BDD572A51D93841F00CED504</string>
				<string>BDD572A61D93841F00CED504</string>
				<string>BDD572A81D93841F00CED504</string>
				<string>BDD572A91D93841F00CED504</string>
				<string>BDD572BF1D93858700CED504</string>
				<string>BDD572C01D93858700CED504</string>
				<string>BDD572BC1D9384AA00CED504</string>
				<string>BDD572BD1D9384AA00CED504</string>
				<string>BDD572C21D938A5500CED504</string>
				<string>BDD572C31D938A5500CED504</string>
				<string>BDD572AB1D93841F00CED504</string>
				<string>BDD572AE1D93841F00CED504</string>
				<string>BDD572B01D93841F00CED504</string>
				<string>BDD572B31D93841F00CED504</string>
				<string>BDD572A21D93841F00CED504</string>
			</array>
			<key>isa</key>
			<string>PBXGroup</string>
			<key>path</key>
			<string>testCell</string>
			<key>sourceTree</key>
			<string>&lt;group&gt;</string>
		</dict>
		<key>BDD572A21D93841F00CED504</key>
		<dict>
			<key>children</key>
			<array>
				<string>BDD572A31D93841F00CED504</string>
			</array>
			<key>isa</key>
			<string>PBXGroup</string>
			<key>name</key>
			<string>Supporting Files</string>
			<key>sourceTree</key>
			<string>&lt;group&gt;</string>
		</dict>
		<key>BDD572A31D93841F00CED504</key>
		<dict>
			<key>isa</key>
			<string>PBXFileReference</string>
			<key>lastKnownFileType</key>
			<string>sourcecode.c.objc</string>
			<key>path</key>
			<string>main.m</string>
			<key>sourceTree</key>
			<string>&lt;group&gt;</string>
		</dict>
		<key>BDD572A41D93841F00CED504</key>
		<dict>
			<key>fileRef</key>
			<string>BDD572A31D93841F00CED504</string>
			<key>isa</key>
			<string>PBXBuildFile</string>
		</dict>
		<key>BDD572A51D93841F00CED504</key>
		<dict>
			<key>isa</key>
			<string>PBXFileReference</string>
			<key>lastKnownFileType</key>
			<string>sourcecode.c.h</string>
			<key>path</key>
			<string>AppDelegate.h</string>
			<key>sourceTree</key>
			<string>&lt;group&gt;</string>
		</dict>
		<key>BDD572A61D93841F00CED504</key>
		<dict>
			<key>isa</key>
			<string>PBXFileReference</string>
			<key>lastKnownFileType</key>
			<string>sourcecode.c.objc</string>
			<key>path</key>
			<string>AppDelegate.m</string>
			<key>sourceTree</key>
			<string>&lt;group&gt;</string>
		</dict>
		<key>BDD572A71D93841F00CED504</key>
		<dict>
			<key>fileRef</key>
			<string>BDD572A61D93841F00CED504</string>
			<key>isa</key>
			<string>PBXBuildFile</string>
		</dict>
		<key>BDD572A81D93841F00CED504</key>
		<dict>
			<key>isa</key>
			<string>PBXFileReference</string>
			<key>lastKnownFileType</key>
			<string>sourcecode.c.h</string>
			<key>path</key>
			<string>ViewController.h</string>
			<key>sourceTree</key>
			<string>&lt;group&gt;</string>
		</dict>
		<key>BDD572A91D93841F00CED504</key>
		<dict>
			<key>isa</key>
			<string>PBXFileReference</string>
			<key>lastKnownFileType</key>
			<string>sourcecode.c.objc</string>
			<key>path</key>
			<string>ViewController.m</string>
			<key>sourceTree</key>
			<string>&lt;group&gt;</string>
		</dict>
		<key>BDD572AA1D93841F00CED504</key>
		<dict>
			<key>fileRef</key>
			<string>BDD572A91D93841F00CED504</string>
			<key>isa</key>
			<string>PBXBuildFile</string>
		</dict>
		<key>BDD572AB1D93841F00CED504</key>
		<dict>
			<key>children</key>
			<array>
				<string>BDD572AC1D93841F00CED504</string>
			</array>
			<key>isa</key>
			<string>PBXVariantGroup</string>
			<key>name</key>
			<string>Main.storyboard</string>
			<key>sourceTree</key>
			<string>&lt;group&gt;</string>
		</dict>
		<key>BDD572AC1D93841F00CED504</key>
		<dict>
			<key>isa</key>
			<string>PBXFileReference</string>
			<key>lastKnownFileType</key>
			<string>file.storyboard</string>
			<key>name</key>
			<string>Base</string>
			<key>path</key>
			<string>Base.lproj/Main.storyboard</string>
			<key>sourceTree</key>
			<string>&lt;group&gt;</string>
		</dict>
		<key>BDD572AD1D93841F00CED504</key>
		<dict>
			<key>fileRef</key>
			<string>BDD572AB1D93841F00CED504</string>
			<key>isa</key>
			<string>PBXBuildFile</string>
		</dict>
		<key>BDD572AE1D93841F00CED504</key>
		<dict>
			<key>isa</key>
			<string>PBXFileReference</string>
			<key>lastKnownFileType</key>
			<string>folder.assetcatalog</string>
			<key>path</key>
			<string>Assets.xcassets</string>
			<key>sourceTree</key>
			<string>&lt;group&gt;</string>
		</dict>
		<key>BDD572AF1D93841F00CED504</key>
		<dict>
			<key>fileRef</key>
			<string>BDD572AE1D93841F00CED504</string>
			<key>isa</key>
			<string>PBXBuildFile</string>
		</dict>
		<key>BDD572B01D93841F00CED504</key>
		<dict>
			<key>children</key>
			<array>
				<string>BDD572B11D93841F00CED504</string>
			</array>
			<key>isa</key>
			<string>PBXVariantGroup</string>
			<key>name</key>
			<string>LaunchScreen.storyboard</string>
			<key>sourceTree</key>
			<string>&lt;group&gt;</string>
		</dict>
		<key>BDD572B11D93841F00CED504</key>
		<dict>
			<key>isa</key>
			<string>PBXFileReference</string>
			<key>lastKnownFileType</key>
			<string>file.storyboard</string>
			<key>name</key>
			<string>Base</string>
			<key>path</key>
			<string>Base.lproj/LaunchScreen.storyboard</string>
			<key>sourceTree</key>
			<string>&lt;group&gt;</string>
		</dict>
		<key>BDD572B21D93841F00CED504</key>
		<dict>
			<key>fileRef</key>
			<string>BDD572B01D93841F00CED504</string>
			<key>isa</key>
			<string>PBXBuildFile</string>
		</dict>
		<key>BDD572B31D93841F00CED504</key>
		<dict>
			<key>isa</key>
			<string>PBXFileReference</string>
			<key>lastKnownFileType</key>
			<string>text.plist.xml</string>
			<key>path</key>
			<string>Info.plist</string>
			<key>sourceTree</key>
			<string>&lt;group&gt;</string>
		</dict>
		<key>BDD572B41D93841F00CED504</key>
		<dict>
			<key>buildSettings</key>
			<dict>
				<key>ALWAYS_SEARCH_USER_PATHS</key>
				<string>NO</string>
				<key>CLANG_ANALYZER_NONNULL</key>
				<string>YES</string>
				<key>CLANG_CXX_LANGUAGE_STANDARD</key>
				<string>gnu++0x</string>
				<key>CLANG_CXX_LIBRARY</key>
				<string>libc++</string>
				<key>CLANG_ENABLE_MODULES</key>
				<string>YES</string>
				<key>CLANG_ENABLE_OBJC_ARC</key>
				<string>YES</string>
				<key>CLANG_WARN_BOOL_CONVERSION</key>
				<string>YES</string>
				<key>CLANG_WARN_CONSTANT_CONVERSION</key>
				<string>YES</string>
				<key>CLANG_WARN_DIRECT_OBJC_ISA_USAGE</key>
				<string>YES_ERROR</string>
				<key>CLANG_WARN_EMPTY_BODY</key>
				<string>YES</string>
				<key>CLANG_WARN_ENUM_CONVERSION</key>
				<string>YES</string>
				<key>CLANG_WARN_INT_CONVERSION</key>
				<string>YES</string>
				<key>CLANG_WARN_OBJC_ROOT_CLASS</key>
				<string>YES_ERROR</string>
				<key>CLANG_WARN_UNREACHABLE_CODE</key>
				<string>YES</string>
				<key>CLANG_WARN__DUPLICATE_METHOD_MATCH</key>
				<string>YES</string>
				<key>CODE_SIGN_IDENTITY[sdk=iphoneos*]</key>
				<string>iPhone Developer</string>
				<key>COPY_PHASE_STRIP</key>
				<string>NO</string>
				<key>DEBUG_INFORMATION_FORMAT</key>
				<string>dwarf</string>
				<key>ENABLE_STRICT_OBJC_MSGSEND</key>
				<string>YES</string>
				<key>ENABLE_TESTABILITY</key>
				<string>YES</string>
				<key>GCC_C_LANGUAGE_STANDARD</key>
				<string>gnu99</string>
				<key>GCC_DYNAMIC_NO_PIC</key>
				<string>NO</string>
				<key>GCC_NO_COMMON_BLOCKS</key>
				<string>YES</string>
				<key>GCC_OPTIMIZATION_LEVEL</key>
				<string>0</string>
				<key>GCC_PREPROCESSOR_DEFINITIONS</key>
				<array>
					<string>DEBUG=1</string>
					<string>$(inherited)</string>
				</array>
				<key>GCC_WARN_64_TO_32_BIT_CONVERSION</key>
				<string>YES</string>
				<key>GCC_WARN_ABOUT_RETURN_TYPE</key>
				<string>YES_ERROR</string>
				<key>GCC_WARN_UNDECLARED_SELECTOR</key>
				<string>YES</string>
				<key>GCC_WARN_UNINITIALIZED_AUTOS</key>
				<string>YES_AGGRESSIVE</string>
				<key>GCC_WARN_UNUSED_FUNCTION</key>
				<string>YES</string>
				<key>GCC_WARN_UNUSED_VARIABLE</key>
				<string>YES</string>
				<key>IPHONEOS_DEPLOYMENT_TARGET</key>
				<string>9.3</string>
				<key>MTL_ENABLE_DEBUG_INFO</key>
				<string>YES</string>
				<key>ONLY_ACTIVE_ARCH</key>
				<string>YES</string>
				<key>SDKROOT</key>
				<string>iphoneos</string>
			</dict>
			<key>isa</key>
			<string>XCBuildConfiguration</string>
			<key>name</key>
			<string>Debug</string>
		</dict>
		<key>BDD572B51D93841F00CED504</key>
		<dict>
			<key>buildSettings</key>
			<dict>
				<key>ALWAYS_SEARCH_USER_PATHS</key>
				<string>NO</string>
				<key>CLANG_ANALYZER_NONNULL</key>
				<string>YES</string>
				<key>CLANG_CXX_LANGUAGE_STANDARD</key>
				<string>gnu++0x</string>
				<key>CLANG_CXX_LIBRARY</key>
				<string>libc++</string>
				<key>CLANG_ENABLE_MODULES</key>
				<string>YES</string>
				<key>CLANG_ENABLE_OBJC_ARC</key>
				<string>YES</string>
				<key>CLANG_WARN_BOOL_CONVERSION</key>
				<string>YES</string>
				<key>CLANG_WARN_CONSTANT_CONVERSION</key>
				<string>YES</string>
				<key>CLANG_WARN_DIRECT_OBJC_ISA_USAGE</key>
				<string>YES_ERROR</string>
				<key>CLANG_WARN_EMPTY_BODY</key>
				<string>YES</string>
				<key>CLANG_WARN_ENUM_CONVERSION</key>
				<string>YES</string>
				<key>CLANG_WARN_INT_CONVERSION</key>
				<string>YES</string>
				<key>CLANG_WARN_OBJC_ROOT_CLASS</key>
				<string>YES_ERROR</string>
				<key>CLANG_WARN_UNREACHABLE_CODE</key>
				<string>YES</string>
				<key>CLANG_WARN__DUPLICATE_METHOD_MATCH</key>
				<string>YES</string>
				<key>CODE_SIGN_IDENTITY[sdk=iphoneos*]</key>
				<string>iPhone Developer</string>
				<key>COPY_PHASE_STRIP</key>
				<string>NO</string>
				<key>DEBUG_INFORMATION_FORMAT</key>
				<string>dwarf-with-dsym</string>
				<key>ENABLE_NS_ASSERTIONS</key>
				<string>NO</string>
				<key>ENABLE_STRICT_OBJC_MSGSEND</key>
				<string>YES</string>
				<key>GCC_C_LANGUAGE_STANDARD</key>
				<string>gnu99</string>
				<key>GCC_NO_COMMON_BLOCKS</key>
				<string>YES</string>
				<key>GCC_WARN_64_TO_32_BIT_CONVERSION</key>
				<string>YES</string>
				<key>GCC_WARN_ABOUT_RETURN_TYPE</key>
				<string>YES_ERROR</string>
				<key>GCC_WARN_UNDECLARED_SELECTOR</key>
				<string>YES</string>
				<key>GCC_WARN_UNINITIALIZED_AUTOS</key>
				<string>YES_AGGRESSIVE</string>
				<key>GCC_WARN_UNUSED_FUNCTION</key>
				<string>YES</string>
				<key>GCC_WARN_UNUSED_VARIABLE</key>
				<string>YES</string>
				<key>IPHONEOS_DEPLOYMENT_TARGET</key>
				<string>9.3</string>
				<key>MTL_ENABLE_DEBUG_INFO</key>
				<string>NO</string>
				<key>SDKROOT</key>
				<string>iphoneos</string>
				<key>VALIDATE_PRODUCT</key>
				<string>YES</string>
			</dict>
			<key>isa</key>
			<string>XCBuildConfiguration</string>
			<key>name</key>
			<string>Release</string>
		</dict>
		<key>BDD572B61D93841F00CED504</key>
		<dict>
			<key>buildConfigurations</key>
			<array>
				<string>BDD572B71D93841F00CED504</string>
				<string>BDD572B81D93841F00CED504</string>
			</array>
			<key>defaultConfigurationIsVisible</key>
			<string>0</string>
			<key>isa</key>
			<string>XCConfigurationList</string>
		</dict>
		<key>BDD572B71D93841F00CED504</key>
		<dict>
			<key>baseConfigurationReference</key>
			<string>61CB4AE81D00BABF11312987</string>
			<key>buildSettings</key>
			<dict>
				<key>ASSETCATALOG_COMPILER_APPICON_NAME</key>
				<string>AppIcon</string>
				<key>INFOPLIST_FILE</key>
				<string>testCell/Info.plist</string>
				<key>LD_RUNPATH_SEARCH_PATHS</key>
				<string>$(inherited) @executable_path/Frameworks</string>
				<key>PRODUCT_BUNDLE_IDENTIFIER</key>
				<string>lun.com.testCell</string>
				<key>PRODUCT_NAME</key>
				<string>$(TARGET_NAME)</string>
			</dict>
			<key>isa</key>
			<string>XCBuildConfiguration</string>
			<key>name</key>
			<string>Debug</string>
		</dict>
		<key>BDD572B81D93841F00CED504</key>
		<dict>
			<key>baseConfigurationReference</key>
			<string>2BD71B7A6937D1DA8562EAC7</string>
			<key>buildSettings</key>
			<dict>
				<key>ASSETCATALOG_COMPILER_APPICON_NAME</key>
				<string>AppIcon</string>
				<key>INFOPLIST_FILE</key>
				<string>testCell/Info.plist</string>
				<key>LD_RUNPATH_SEARCH_PATHS</key>
				<string>$(inherited) @executable_path/Frameworks</string>
				<key>PRODUCT_BUNDLE_IDENTIFIER</key>
				<string>lun.com.testCell</string>
				<key>PRODUCT_NAME</key>
				<string>$(TARGET_NAME)</string>
			</dict>
			<key>isa</key>
			<string>XCBuildConfiguration</string>
			<key>name</key>
			<string>Release</string>
		</dict>
		<key>BDD572BC1D9384AA00CED504</key>
		<dict>
			<key>fileEncoding</key>
			<string>4</string>
			<key>isa</key>
			<string>PBXFileReference</string>
			<key>lastKnownFileType</key>
			<string>sourcecode.c.h</string>
			<key>path</key>
			<string>TableViewCell.h</string>
			<key>sourceTree</key>
			<string>&lt;group&gt;</string>
		</dict>
		<key>BDD572BD1D9384AA00CED504</key>
		<dict>
			<key>fileEncoding</key>
			<string>4</string>
			<key>isa</key>
			<string>PBXFileReference</string>
			<key>lastKnownFileType</key>
			<string>sourcecode.c.objc</string>
			<key>path</key>
			<string>TableViewCell.m</string>
			<key>sourceTree</key>
			<string>&lt;group&gt;</string>
		</dict>
		<key>BDD572BE1D9384AA00CED504</key>
		<dict>
			<key>fileRef</key>
			<string>BDD572BD1D9384AA00CED504</string>
			<key>isa</key>
			<string>PBXBuildFile</string>
		</dict>
		<key>BDD572BF1D93858700CED504</key>
		<dict>
			<key>fileEncoding</key>
			<string>4</string>
			<key>isa</key>
			<string>PBXFileReference</string>
			<key>lastKnownFileType</key>
			<string>sourcecode.c.h</string>
			<key>path</key>
			<string>TableViewController.h</string>
			<key>sourceTree</key>
			<string>&lt;group&gt;</string>
		</dict>
		<key>BDD572C01D93858700CED504</key>
		<dict>
			<key>fileEncoding</key>
			<string>4</string>
			<key>isa</key>
			<string>PBXFileReference</string>
			<key>lastKnownFileType</key>
			<string>sourcecode.c.objc</string>
			<key>path</key>
			<string>TableViewController.m</string>
			<key>sourceTree</key>
			<string>&lt;group&gt;</string>
		</dict>
		<key>BDD572C11D93858700CED504</key>
		<dict>
			<key>fileRef</key>
			<string>BDD572C01D93858700CED504</string>
			<key>isa</key>
			<string>PBXBuildFile</string>
		</dict>
		<key>BDD572C21D938A5500CED504</key>
		<dict>
			<key>fileEncoding</key>
			<string>4</string>
			<key>isa</key>
			<string>PBXFileReference</string>
			<key>lastKnownFileType</key>
			<string>sourcecode.c.h</string>
			<key>path</key>
			<string>TableMoedel.h</string>
			<key>sourceTree</key>
			<string>&lt;group&gt;</string>
		</dict>
		<key>BDD572C31D938A5500CED504</key>
		<dict>
			<key>fileEncoding</key>
			<string>4</string>
			<key>isa</key>
			<string>PBXFileReference</string>
			<key>lastKnownFileType</key>
			<string>sourcecode.c.objc</string>
			<key>path</key>
			<string>TableMoedel.m</string>
			<key>sourceTree</key>
			<string>&lt;group&gt;</string>
		</dict>
		<key>BDD572C41D938A5500CED504</key>
		<dict>
			<key>fileRef</key>
			<string>BDD572C31D938A5500CED504</string>
			<key>isa</key>
			<string>PBXBuildFile</string>
		</dict>
		<key>BDD572D91D93D15000CED504</key>
		<dict>
			<key>children</key>
			<array>
				<string>BDD572DA1D93D15000CED504</string>
				<string>BDD572DB1D93D15000CED504</string>
				<string>BDD572DC1D93D15000CED504</string>
				<string>BDD572DD1D93D15000CED504</string>
				<string>BDD572DE1D93D15000CED504</string>
				<string>BDD572DF1D93D15000CED504</string>
				<string>BDD572E01D93D15000CED504</string>
			</array>
			<key>isa</key>
			<string>PBXGroup</string>
			<key>path</key>
			<string>SDPhotoBrowser</string>
			<key>sourceTree</key>
			<string>&lt;group&gt;</string>
		</dict>
		<key>BDD572DA1D93D15000CED504</key>
		<dict>
			<key>fileEncoding</key>
			<string>4</string>
			<key>isa</key>
			<string>PBXFileReference</string>
			<key>lastKnownFileType</key>
			<string>sourcecode.c.h</string>
			<key>path</key>
			<string>SDBrowserImageView.h</string>
			<key>sourceTree</key>
			<string>&lt;group&gt;</string>
		</dict>
		<key>BDD572DB1D93D15000CED504</key>
		<dict>
			<key>fileEncoding</key>
			<string>4</string>
			<key>isa</key>
			<string>PBXFileReference</string>
			<key>lastKnownFileType</key>
			<string>sourcecode.c.objc</string>
			<key>path</key>
			<string>SDBrowserImageView.m</string>
			<key>sourceTree</key>
			<string>&lt;group&gt;</string>
		</dict>
		<key>BDD572DC1D93D15000CED504</key>
		<dict>
			<key>fileEncoding</key>
			<string>4</string>
			<key>isa</key>
			<string>PBXFileReference</string>
			<key>lastKnownFileType</key>
			<string>sourcecode.c.h</string>
			<key>path</key>
			<string>SDPhotoBrowser.h</string>
			<key>sourceTree</key>
			<string>&lt;group&gt;</string>
		</dict>
		<key>BDD572DD1D93D15000CED504</key>
		<dict>
			<key>fileEncoding</key>
			<string>4</string>
			<key>isa</key>
			<string>PBXFileReference</string>
			<key>lastKnownFileType</key>
			<string>sourcecode.c.objc</string>
			<key>path</key>
			<string>SDPhotoBrowser.m</string>
			<key>sourceTree</key>
			<string>&lt;group&gt;</string>
		</dict>
		<key>BDD572DE1D93D15000CED504</key>
		<dict>
			<key>fileEncoding</key>
			<string>4</string>
			<key>isa</key>
			<string>PBXFileReference</string>
			<key>lastKnownFileType</key>
			<string>sourcecode.c.h</string>
			<key>path</key>
			<string>SDPhotoBrowserConfig.h</string>
			<key>sourceTree</key>
			<string>&lt;group&gt;</string>
		</dict>
		<key>BDD572DF1D93D15000CED504</key>
		<dict>
			<key>fileEncoding</key>
			<string>4</string>
			<key>isa</key>
			<string>PBXFileReference</string>
			<key>lastKnownFileType</key>
			<string>sourcecode.c.h</string>
			<key>path</key>
			<string>SDWaitingView.h</string>
			<key>sourceTree</key>
			<string>&lt;group&gt;</string>
		</dict>
		<key>BDD572E01D93D15000CED504</key>
		<dict>
			<key>fileEncoding</key>
			<string>4</string>
			<key>isa</key>
			<string>PBXFileReference</string>
			<key>lastKnownFileType</key>
			<string>sourcecode.c.objc</string>
			<key>path</key>
			<string>SDWaitingView.m</string>
			<key>sourceTree</key>
			<string>&lt;group&gt;</string>
		</dict>
		<key>BDD572E11D93D15000CED504</key>
		<dict>
			<key>fileRef</key>
			<string>BDD572DB1D93D15000CED504</string>
			<key>isa</key>
			<string>PBXBuildFile</string>
		</dict>
		<key>BDD572E21D93D15000CED504</key>
		<dict>
			<key>fileRef</key>
			<string>BDD572DD1D93D15000CED504</string>
			<key>isa</key>
			<string>PBXBuildFile</string>
		</dict>
		<key>BDD572E31D93D15000CED504</key>
		<dict>
			<key>fileRef</key>
			<string>BDD572E01D93D15000CED504</string>
			<key>isa</key>
			<string>PBXBuildFile</string>
		</dict>
		<key>BDD572E41D93D1FE00CED504</key>
		<dict>
			<key>children</key>
			<array>
				<string>BDD572E51D93D1FE00CED504</string>
				<string>BDD572E61D93D1FE00CED504</string>
				<string>BDD572E71D93D1FE00CED504</string>
				<string>BDD572E81D93D1FE00CED504</string>
				<string>BDD572E91D93D1FE00CED504</string>
				<string>BDD572EA1D93D1FE00CED504</string>
				<string>BDD572EB1D93D1FE00CED504</string>
				<string>BDD572EC1D93D1FE00CED504</string>
				<string>BDD572ED1D93D1FE00CED504</string>
				<string>BDD572EE1D93D1FE00CED504</string>
				<string>BDD572EF1D93D1FE00CED504</string>
				<string>BDD572F01D93D1FE00CED504</string>
				<string>BDD572F11D93D1FE00CED504</string>
				<string>BDD572F21D93D1FE00CED504</string>
				<string>BDD572F31D93D1FE00CED504</string>
				<string>BDD572F41D93D1FE00CED504</string>
				<string>BDD572F51D93D1FE00CED504</string>
				<string>BDD572F61D93D1FE00CED504</string>
				<string>BDD572F71D93D1FE00CED504</string>
				<string>BDD572F81D93D1FE00CED504</string>
				<string>BDD572F91D93D1FE00CED504</string>
				<string>BDD572FA1D93D1FE00CED504</string>
				<string>BDD572FB1D93D1FE00CED504</string>
				<string>BDD572FC1D93D1FE00CED504</string>
				<string>BDD572FD1D93D1FE00CED504</string>
				<string>BDD572FE1D93D1FE00CED504</string>
				<string>BDD572FF1D93D1FE00CED504</string>
				<string>BDD573001D93D1FE00CED504</string>
				<string>BDD573011D93D1FE00CED504</string>
				<string>BDD573021D93D1FE00CED504</string>
				<string>BDD573031D93D1FE00CED504</string>
				<string>BDD573041D93D1FE00CED504</string>
				<string>BDD573051D93D1FE00CED504</string>
			</array>
			<key>isa</key>
			<string>PBXGroup</string>
			<key>path</key>
			<string>SDWebImage</string>
			<key>sourceTree</key>
			<string>&lt;group&gt;</string>
		</dict>
		<key>BDD572E51D93D1FE00CED504</key>
		<dict>
			<key>fileEncoding</key>
			<string>4</string>
			<key>isa</key>
			<string>PBXFileReference</string>
			<key>lastKnownFileType</key>
			<string>sourcecode.c.h</string>
			<key>path</key>
			<string>MKAnnotationView+WebCache.h</string>
			<key>sourceTree</key>
			<string>&lt;group&gt;</string>
		</dict>
		<key>BDD572E61D93D1FE00CED504</key>
		<dict>
			<key>fileEncoding</key>
			<string>4</string>
			<key>isa</key>
			<string>PBXFileReference</string>
			<key>lastKnownFileType</key>
			<string>sourcecode.c.objc</string>
			<key>path</key>
			<string>MKAnnotationView+WebCache.m</string>
			<key>sourceTree</key>
			<string>&lt;group&gt;</string>
		</dict>
		<key>BDD572E71D93D1FE00CED504</key>
		<dict>
			<key>fileEncoding</key>
			<string>4</string>
			<key>isa</key>
			<string>PBXFileReference</string>
			<key>lastKnownFileType</key>
			<string>sourcecode.c.h</string>
			<key>path</key>
			<string>NSData+ImageContentType.h</string>
			<key>sourceTree</key>
			<string>&lt;group&gt;</string>
		</dict>
		<key>BDD572E81D93D1FE00CED504</key>
		<dict>
			<key>fileEncoding</key>
			<string>4</string>
			<key>isa</key>
			<string>PBXFileReference</string>
			<key>lastKnownFileType</key>
			<string>sourcecode.c.objc</string>
			<key>path</key>
			<string>NSData+ImageContentType.m</string>
			<key>sourceTree</key>
			<string>&lt;group&gt;</string>
		</dict>
		<key>BDD572E91D93D1FE00CED504</key>
		<dict>
			<key>fileEncoding</key>
			<string>4</string>
			<key>isa</key>
			<string>PBXFileReference</string>
			<key>lastKnownFileType</key>
			<string>sourcecode.c.h</string>
			<key>path</key>
			<string>SDImageCache.h</string>
			<key>sourceTree</key>
			<string>&lt;group&gt;</string>
		</dict>
		<key>BDD572EA1D93D1FE00CED504</key>
		<dict>
			<key>fileEncoding</key>
			<string>4</string>
			<key>isa</key>
			<string>PBXFileReference</string>
			<key>lastKnownFileType</key>
			<string>sourcecode.c.objc</string>
			<key>path</key>
			<string>SDImageCache.m</string>
			<key>sourceTree</key>
			<string>&lt;group&gt;</string>
		</dict>
		<key>BDD572EB1D93D1FE00CED504</key>
		<dict>
			<key>fileEncoding</key>
			<string>4</string>
			<key>isa</key>
			<string>PBXFileReference</string>
			<key>lastKnownFileType</key>
			<string>sourcecode.c.h</string>
			<key>path</key>
			<string>SDWebImageCompat.h</string>
			<key>sourceTree</key>
			<string>&lt;group&gt;</string>
		</dict>
		<key>BDD572EC1D93D1FE00CED504</key>
		<dict>
			<key>fileEncoding</key>
			<string>4</string>
			<key>isa</key>
			<string>PBXFileReference</string>
			<key>lastKnownFileType</key>
			<string>sourcecode.c.objc</string>
			<key>path</key>
			<string>SDWebImageCompat.m</string>
			<key>sourceTree</key>
			<string>&lt;group&gt;</string>
		</dict>
		<key>BDD572ED1D93D1FE00CED504</key>
		<dict>
			<key>fileEncoding</key>
			<string>4</string>
			<key>isa</key>
			<string>PBXFileReference</string>
			<key>lastKnownFileType</key>
			<string>sourcecode.c.h</string>
			<key>path</key>
			<string>SDWebImageDecoder.h</string>
			<key>sourceTree</key>
			<string>&lt;group&gt;</string>
		</dict>
		<key>BDD572EE1D93D1FE00CED504</key>
		<dict>
			<key>fileEncoding</key>
			<string>4</string>
			<key>isa</key>
			<string>PBXFileReference</string>
			<key>lastKnownFileType</key>
			<string>sourcecode.c.objc</string>
			<key>path</key>
			<string>SDWebImageDecoder.m</string>
			<key>sourceTree</key>
			<string>&lt;group&gt;</string>
		</dict>
		<key>BDD572EF1D93D1FE00CED504</key>
		<dict>
			<key>fileEncoding</key>
			<string>4</string>
			<key>isa</key>
			<string>PBXFileReference</string>
			<key>lastKnownFileType</key>
			<string>sourcecode.c.h</string>
			<key>path</key>
			<string>SDWebImageDownloader.h</string>
			<key>sourceTree</key>
			<string>&lt;group&gt;</string>
		</dict>
		<key>BDD572F01D93D1FE00CED504</key>
		<dict>
			<key>fileEncoding</key>
			<string>4</string>
			<key>isa</key>
			<string>PBXFileReference</string>
			<key>lastKnownFileType</key>
			<string>sourcecode.c.objc</string>
			<key>path</key>
			<string>SDWebImageDownloader.m</string>
			<key>sourceTree</key>
			<string>&lt;group&gt;</string>
		</dict>
		<key>BDD572F11D93D1FE00CED504</key>
		<dict>
			<key>fileEncoding</key>
			<string>4</string>
			<key>isa</key>
			<string>PBXFileReference</string>
			<key>lastKnownFileType</key>
			<string>sourcecode.c.h</string>
			<key>path</key>
			<string>SDWebImageDownloaderOperation.h</string>
			<key>sourceTree</key>
			<string>&lt;group&gt;</string>
		</dict>
		<key>BDD572F21D93D1FE00CED504</key>
		<dict>
			<key>fileEncoding</key>
			<string>4</string>
			<key>isa</key>
			<string>PBXFileReference</string>
			<key>lastKnownFileType</key>
			<string>sourcecode.c.objc</string>
			<key>path</key>
			<string>SDWebImageDownloaderOperation.m</string>
			<key>sourceTree</key>
			<string>&lt;group&gt;</string>
		</dict>
		<key>BDD572F31D93D1FE00CED504</key>
		<dict>
			<key>fileEncoding</key>
			<string>4</string>
			<key>isa</key>
			<string>PBXFileReference</string>
			<key>lastKnownFileType</key>
			<string>sourcecode.c.h</string>
			<key>path</key>
			<string>SDWebImageManager.h</string>
			<key>sourceTree</key>
			<string>&lt;group&gt;</string>
		</dict>
		<key>BDD572F41D93D1FE00CED504</key>
		<dict>
			<key>fileEncoding</key>
			<string>4</string>
			<key>isa</key>
			<string>PBXFileReference</string>
			<key>lastKnownFileType</key>
			<string>sourcecode.c.objc</string>
			<key>path</key>
			<string>SDWebImageManager.m</string>
			<key>sourceTree</key>
			<string>&lt;group&gt;</string>
		</dict>
		<key>BDD572F51D93D1FE00CED504</key>
		<dict>
			<key>fileEncoding</key>
			<string>4</string>
			<key>isa</key>
			<string>PBXFileReference</string>
			<key>lastKnownFileType</key>
			<string>sourcecode.c.h</string>
			<key>path</key>
			<string>SDWebImageOperation.h</string>
			<key>sourceTree</key>
			<string>&lt;group&gt;</string>
		</dict>
		<key>BDD572F61D93D1FE00CED504</key>
		<dict>
			<key>fileEncoding</key>
			<string>4</string>
			<key>isa</key>
			<string>PBXFileReference</string>
			<key>lastKnownFileType</key>
			<string>sourcecode.c.h</string>
			<key>path</key>
			<string>SDWebImagePrefetcher.h</string>
			<key>sourceTree</key>
			<string>&lt;group&gt;</string>
		</dict>
		<key>BDD572F71D93D1FE00CED504</key>
		<dict>
			<key>fileEncoding</key>
			<string>4</string>
			<key>isa</key>
			<string>PBXFileReference</string>
			<key>lastKnownFileType</key>
			<string>sourcecode.c.objc</string>
			<key>path</key>
			<string>SDWebImagePrefetcher.m</string>
			<key>sourceTree</key>
			<string>&lt;group&gt;</string>
		</dict>
		<key>BDD572F81D93D1FE00CED504</key>
		<dict>
			<key>fileEncoding</key>
			<string>4</string>
			<key>isa</key>
			<string>PBXFileReference</string>
			<key>lastKnownFileType</key>
			<string>sourcecode.c.h</string>
			<key>path</key>
			<string>UIButton+WebCache.h</string>
			<key>sourceTree</key>
			<string>&lt;group&gt;</string>
		</dict>
		<key>BDD572F91D93D1FE00CED504</key>
		<dict>
			<key>fileEncoding</key>
			<string>4</string>
			<key>isa</key>
			<string>PBXFileReference</string>
			<key>lastKnownFileType</key>
			<string>sourcecode.c.objc</string>
			<key>path</key>
			<string>UIButton+WebCache.m</string>
			<key>sourceTree</key>
			<string>&lt;group&gt;</string>
		</dict>
		<key>BDD572FA1D93D1FE00CED504</key>
		<dict>
			<key>fileEncoding</key>
			<string>4</string>
			<key>isa</key>
			<string>PBXFileReference</string>
			<key>lastKnownFileType</key>
			<string>sourcecode.c.h</string>
			<key>path</key>
			<string>UIImage+GIF.h</string>
			<key>sourceTree</key>
			<string>&lt;group&gt;</string>
		</dict>
		<key>BDD572FB1D93D1FE00CED504</key>
		<dict>
			<key>fileEncoding</key>
			<string>4</string>
			<key>isa</key>
			<string>PBXFileReference</string>
			<key>lastKnownFileType</key>
			<string>sourcecode.c.objc</string>
			<key>path</key>
			<string>UIImage+GIF.m</string>
			<key>sourceTree</key>
			<string>&lt;group&gt;</string>
		</dict>
		<key>BDD572FC1D93D1FE00CED504</key>
		<dict>
			<key>fileEncoding</key>
			<string>4</string>
			<key>isa</key>
			<string>PBXFileReference</string>
			<key>lastKnownFileType</key>
			<string>sourcecode.c.h</string>
			<key>path</key>
			<string>UIImage+MultiFormat.h</string>
			<key>sourceTree</key>
			<string>&lt;group&gt;</string>
		</dict>
		<key>BDD572FD1D93D1FE00CED504</key>
		<dict>
			<key>fileEncoding</key>
			<string>4</string>
			<key>isa</key>
			<string>PBXFileReference</string>
			<key>lastKnownFileType</key>
			<string>sourcecode.c.objc</string>
			<key>path</key>
			<string>UIImage+MultiFormat.m</string>
			<key>sourceTree</key>
			<string>&lt;group&gt;</string>
		</dict>
		<key>BDD572FE1D93D1FE00CED504</key>
		<dict>
			<key>fileEncoding</key>
			<string>4</string>
			<key>isa</key>
			<string>PBXFileReference</string>
			<key>lastKnownFileType</key>
			<string>sourcecode.c.h</string>
			<key>path</key>
			<string>UIImage+WebP.h</string>
			<key>sourceTree</key>
			<string>&lt;group&gt;</string>
		</dict>
		<key>BDD572FF1D93D1FE00CED504</key>
		<dict>
			<key>fileEncoding</key>
			<string>4</string>
			<key>isa</key>
			<string>PBXFileReference</string>
			<key>lastKnownFileType</key>
			<string>sourcecode.c.objc</string>
			<key>path</key>
			<string>UIImage+WebP.m</string>
			<key>sourceTree</key>
			<string>&lt;group&gt;</string>
		</dict>
		<key>BDD573001D93D1FE00CED504</key>
		<dict>
			<key>fileEncoding</key>
			<string>4</string>
			<key>isa</key>
			<string>PBXFileReference</string>
			<key>lastKnownFileType</key>
			<string>sourcecode.c.h</string>
			<key>path</key>
			<string>UIImageView+HighlightedWebCache.h</string>
			<key>sourceTree</key>
			<string>&lt;group&gt;</string>
		</dict>
		<key>BDD573011D93D1FE00CED504</key>
		<dict>
			<key>fileEncoding</key>
			<string>4</string>
			<key>isa</key>
			<string>PBXFileReference</string>
			<key>lastKnownFileType</key>
			<string>sourcecode.c.objc</string>
			<key>path</key>
			<string>UIImageView+HighlightedWebCache.m</string>
			<key>sourceTree</key>
			<string>&lt;group&gt;</string>
		</dict>
		<key>BDD573021D93D1FE00CED504</key>
		<dict>
			<key>fileEncoding</key>
			<string>4</string>
			<key>isa</key>
			<string>PBXFileReference</string>
			<key>lastKnownFileType</key>
			<string>sourcecode.c.h</string>
			<key>path</key>
			<string>UIImageView+WebCache.h</string>
			<key>sourceTree</key>
			<string>&lt;group&gt;</string>
		</dict>
		<key>BDD573031D93D1FE00CED504</key>
		<dict>
			<key>fileEncoding</key>
			<string>4</string>
			<key>isa</key>
			<string>PBXFileReference</string>
			<key>lastKnownFileType</key>
			<string>sourcecode.c.objc</string>
			<key>path</key>
			<string>UIImageView+WebCache.m</string>
			<key>sourceTree</key>
			<string>&lt;group&gt;</string>
		</dict>
		<key>BDD573041D93D1FE00CED504</key>
		<dict>
			<key>fileEncoding</key>
			<string>4</string>
			<key>isa</key>
			<string>PBXFileReference</string>
			<key>lastKnownFileType</key>
			<string>sourcecode.c.h</string>
			<key>path</key>
			<string>UIView+WebCacheOperation.h</string>
			<key>sourceTree</key>
			<string>&lt;group&gt;</string>
		</dict>
		<key>BDD573051D93D1FE00CED504</key>
		<dict>
			<key>fileEncoding</key>
			<string>4</string>
			<key>isa</key>
			<string>PBXFileReference</string>
			<key>lastKnownFileType</key>
			<string>sourcecode.c.objc</string>
			<key>path</key>
			<string>UIView+WebCacheOperation.m</string>
			<key>sourceTree</key>
			<string>&lt;group&gt;</string>
		</dict>
		<key>BDD573061D93D1FE00CED504</key>
		<dict>
			<key>fileRef</key>
			<string>BDD572E61D93D1FE00CED504</string>
			<key>isa</key>
			<string>PBXBuildFile</string>
		</dict>
		<key>BDD573071D93D1FE00CED504</key>
		<dict>
			<key>fileRef</key>
			<string>BDD572E81D93D1FE00CED504</string>
			<key>isa</key>
			<string>PBXBuildFile</string>
		</dict>
		<key>BDD573081D93D1FE00CED504</key>
		<dict>
			<key>fileRef</key>
			<string>BDD572EA1D93D1FE00CED504</string>
			<key>isa</key>
			<string>PBXBuildFile</string>
		</dict>
		<key>BDD573091D93D1FE00CED504</key>
		<dict>
			<key>fileRef</key>
			<string>BDD572EC1D93D1FE00CED504</string>
			<key>isa</key>
			<string>PBXBuildFile</string>
		</dict>
		<key>BDD5730A1D93D1FE00CED504</key>
		<dict>
			<key>fileRef</key>
			<string>BDD572EE1D93D1FE00CED504</string>
			<key>isa</key>
			<string>PBXBuildFile</string>
		</dict>
		<key>BDD5730B1D93D1FE00CED504</key>
		<dict>
			<key>fileRef</key>
			<string>BDD572F01D93D1FE00CED504</string>
			<key>isa</key>
			<string>PBXBuildFile</string>
		</dict>
		<key>BDD5730C1D93D1FE00CED504</key>
		<dict>
			<key>fileRef</key>
			<string>BDD572F21D93D1FE00CED504</string>
			<key>isa</key>
			<string>PBXBuildFile</string>
		</dict>
		<key>BDD5730D1D93D1FE00CED504</key>
		<dict>
			<key>fileRef</key>
			<string>BDD572F41D93D1FE00CED504</string>
			<key>isa</key>
			<string>PBXBuildFile</string>
		</dict>
		<key>BDD5730E1D93D1FE00CED504</key>
		<dict>
			<key>fileRef</key>
			<string>BDD572F71D93D1FE00CED504</string>
			<key>isa</key>
			<string>PBXBuildFile</string>
		</dict>
		<key>BDD5730F1D93D1FE00CED504</key>
		<dict>
			<key>fileRef</key>
			<string>BDD572F91D93D1FE00CED504</string>
			<key>isa</key>
			<string>PBXBuildFile</string>
		</dict>
		<key>BDD573101D93D1FE00CED504</key>
		<dict>
			<key>fileRef</key>
			<string>BDD572FB1D93D1FE00CED504</string>
			<key>isa</key>
			<string>PBXBuildFile</string>
		</dict>
		<key>BDD573111D93D1FE00CED504</key>
		<dict>
			<key>fileRef</key>
			<string>BDD572FD1D93D1FE00CED504</string>
			<key>isa</key>
			<string>PBXBuildFile</string>
		</dict>
		<key>BDD573121D93D1FE00CED504</key>
		<dict>
			<key>fileRef</key>
			<string>BDD572FF1D93D1FE00CED504</string>
			<key>isa</key>
			<string>PBXBuildFile</string>
		</dict>
		<key>BDD573131D93D1FE00CED504</key>
		<dict>
			<key>fileRef</key>
			<string>BDD573011D93D1FE00CED504</string>
			<key>isa</key>
			<string>PBXBuildFile</string>
		</dict>
		<key>BDD573141D93D1FE00CED504</key>
		<dict>
			<key>fileRef</key>
			<string>BDD573031D93D1FE00CED504</string>
			<key>isa</key>
			<string>PBXBuildFile</string>
		</dict>
		<key>BDD573151D93D1FE00CED504</key>
		<dict>
			<key>fileRef</key>
			<string>BDD573051D93D1FE00CED504</string>
			<key>isa</key>
			<string>PBXBuildFile</string>
		</dict>
		<key>BDD573191D93E1E500CED504</key>
		<dict>
			<key>children</key>
			<array>
				<string>BDD5731A1D93E1E500CED504</string>
				<string>BDD5731B1D93E1E500CED504</string>
				<string>BDD5731C1D93E1E500CED504</string>
			</array>
			<key>isa</key>
			<string>PBXGroup</string>
			<key>path</key>
			<string>photo</string>
			<key>sourceTree</key>
			<string>&lt;group&gt;</string>
		</dict>
		<key>BDD5731A1D93E1E500CED504</key>
		<dict>
			<key>isa</key>
			<string>PBXFileReference</string>
			<key>lastKnownFileType</key>
			<string>image.jpeg</string>
			<key>path</key>
			<string>p1.jpg</string>
			<key>sourceTree</key>
			<string>&lt;group&gt;</string>
		</dict>
		<key>BDD5731B1D93E1E500CED504</key>
		<dict>
			<key>isa</key>
			<string>PBXFileReference</string>
			<key>lastKnownFileType</key>
			<string>image.jpeg</string>
			<key>path</key>
			<string>p2.jpg</string>
			<key>sourceTree</key>
			<string>&lt;group&gt;</string>
		</dict>
		<key>BDD5731C1D93E1E500CED504</key>
		<dict>
			<key>isa</key>
			<string>PBXFileReference</string>
			<key>lastKnownFileType</key>
			<string>image.jpeg</string>
			<key>path</key>
			<string>p3.jpg</string>
			<key>sourceTree</key>
			<string>&lt;group&gt;</string>
		</dict>
		<key>BDD5731D1D93E1E500CED504</key>
		<dict>
			<key>fileRef</key>
			<string>BDD5731A1D93E1E500CED504</string>
			<key>isa</key>
			<string>PBXBuildFile</string>
		</dict>
		<key>BDD5731E1D93E1E500CED504</key>
		<dict>
			<key>fileRef</key>
			<string>BDD5731B1D93E1E500CED504</string>
			<key>isa</key>
			<string>PBXBuildFile</string>
		</dict>
		<key>BDD5731F1D93E1E500CED504</key>
		<dict>
			<key>fileRef</key>
			<string>BDD5731C1D93E1E500CED504</string>
			<key>isa</key>
			<string>PBXBuildFile</string>
		</dict>
		<key>D3C58B02233CA3BF6AA5BAEE</key>
		<dict>
			<key>children</key>
			<array>
				<string>99CB93C17ADA112575166450</string>
			</array>
			<key>isa</key>
			<string>PBXGroup</string>
			<key>name</key>
			<string>Frameworks</string>
			<key>sourceTree</key>
			<string>&lt;group&gt;</string>
		</dict>
		<key>EAEE620FE15D3403EDDE17FB</key>
		<dict>
			<key>buildActionMask</key>
			<string>2147483647</string>
			<key>files</key>
			<array/>
			<key>inputPaths</key>
			<array/>
			<key>isa</key>
			<string>PBXShellScriptBuildPhase</string>
			<key>name</key>
			<string>Embed Pods Frameworks</string>
			<key>outputPaths</key>
			<array/>
			<key>runOnlyForDeploymentPostprocessing</key>
			<string>0</string>
			<key>shellPath</key>
			<string>/bin/sh</string>
			<key>shellScript</key>
			<string>"${SRCROOT}/Pods/Target Support Files/Pods/Pods-frameworks.sh"
</string>
			<key>showEnvVarsInLog</key>
			<string>0</string>
		</dict>
	</dict>
	<key>rootObject</key>
	<string>BDD572971D93841F00CED504</string>
</dict>
</plist>
